{
    "_meta": {
        "hash": {
            "sha256": "dcf87bef5f88767b2dc53882925bce7dc8bbb3622ad71100cf8f4432dfdcbb25"
        },
        "pipfile-spec": 6,
        "requires": {
            "python_version": "3.12"
        },
        "sources": [
            {
                "name": "pypi",
                "url": "https://pypi.org/simple",
                "verify_ssl": true
            }
        ]
    },
    "default": {
        "attrs": {
            "hashes": [
                "sha256:935dc3b529c262f6cf76e50877d35a4bd3c1de194fd41f47a2b7ae8f19971f30",
                "sha256:99b87a485a5820b23b879f04c2305b44b951b502fd64be915879d77a7e8fc6f1"
            ],
            "markers": "python_version >= '3.7'",
            "version": "==23.2.0"
        },
        "ax253": {
            "hashes": [
                "sha256:16141a7a2b3a635a8c0d8dc6bea79b9a910d9ec2164914e9e4c7d02557a80a8f",
                "sha256:dcbba9491447da460b628b7f718a622c7dcd20a71bd4bf296f28ecc4ed8aef36"
            ],
            "version": "==0.1.5.post1"
        },
        "bitarray": {
            "hashes": [
                "sha256:03adaacb79e2fb8f483ab3a67665eec53bb3fd0cd5dbd7358741aef124688db3",
                "sha256:052c5073bdcaa9dd10628d99d37a2f33ec09364b86dd1f6281e2d9f8d3db3060",
                "sha256:0a99b23ac845a9ea3157782c97465e6ae026fe0c7c4c1ed1d88f759fd6ea52d9",
                "sha256:0b3543c8a1cb286ad105f11c25d8d0f712f41c5c55f90be39f0e5a1376c7d0b0",
                "sha256:128cc3488176145b9b137fdcf54c1c201809bbb8dd30b260ee40afe915843b43",
                "sha256:1bb33673e7f7190a65f0a940c1ef63266abdb391f4a3e544a47542d40a81f536",
                "sha256:1e0b63a565e8a311cc8348ff1262d5784df0f79d64031d546411afd5dd7ef67d",
                "sha256:1e497c535f2a9b68c69d36631bf2dba243e05eb343b00b9c7bbdc8c601c6802d",
                "sha256:1ff9e38356cc803e06134cf8ae9758e836ccd1b793135ef3db53c7c5d71e93bc",
                "sha256:21f21e7f56206be346bdbda2a6bdb2165a5e6a11821f88fd4911c5a6bbbdc7e2",
                "sha256:2c6be1b651fad8f3adb7a5aa12c65b612cd9b89530969af941844ae680f7d981",
                "sha256:2f32948c86e0d230a296686db28191b67ed229756f84728847daa0c7ab7406e3",
                "sha256:321841cdad1dd0f58fe62e80e9c9c7531f8ebf8be93f047401e930dc47425b1e",
                "sha256:345c76b349ff145549652436235c5532e5bfe9db690db6f0a6ad301c62b9ef21",
                "sha256:393cb27fd859af5fd9c16eb26b1c59b17b390ff66b3ae5d0dd258270191baf13",
                "sha256:3c4344e96642e2211fb3a50558feff682c31563a4c64529a931769d40832ca79",
                "sha256:3fa909cfd675004aed8b4cc9df352415933656e0155a6209d878b7cb615c787e",
                "sha256:405b83bed28efaae6d86b6ab287c75712ead0adbfab2a1075a1b7ab47dad4d62",
                "sha256:43847799461d8ba71deb4d97b47250c2c2fb66d82cd3cb8b4caf52bb97c03034",
                "sha256:461a3dafb9d5fda0bb3385dc507d78b1984b49da3fe4c6d56c869a54373b7008",
                "sha256:48a30d718d1a6dfc22a49547450107abe8f4afdf2abdcbe76eb9ed88edc49498",
                "sha256:4a22266fb416a3b6c258bf7f83c9fe531ba0b755a56986a81ad69dc0f3bcc070",
                "sha256:4b558ce85579b51a2e38703877d1e93b7728a7af664dd45a34e833534f0b755d",
                "sha256:4d0e32530f941c41eddfc77600ec89b65184cb909c549336463a738fab3ed285",
                "sha256:4da73ebd537d75fa7bccfc2228fcaedea0803f21dd9d0bf0d3b67fef3c4af294",
                "sha256:4e2936f090bf3f4d1771f44f9077ebccdbc0415d2b598d51a969afcb519df505",
                "sha256:508069a04f658210fdeee85a7a0ca84db4bcc110cbb1d21f692caa13210f24a7",
                "sha256:5361413fd2ecfdf44dc8f065177dc6aba97fa80a91b815586cb388763acf7f8d",
                "sha256:54e16e32e60973bb83c315de9975bc1bcfc9bd50bb13001c31da159bc49b0ca1",
                "sha256:5b7b09489b71f9f1f64c0fa0977e250ec24500767dab7383ba9912495849cadf",
                "sha256:5cb378eaa65cd43098f11ff5d27e48ee3b956d2c00d2d6b5bfc2a09fe183be47",
                "sha256:5d6fb422772e75385b76ad1c52f45a68bd4efafd8be8d0061c11877be74c4d43",
                "sha256:5f4dd3af86dd8a617eb6464622fb64ca86e61ce99b59b5c35d8cd33f9c30603d",
                "sha256:603e7d640e54ad764d2b4da6b61e126259af84f253a20f512dd10689566e5478",
                "sha256:6067f2f07a7121749858c7daa93c8774325c91590b3e81a299621e347740c2ae",
                "sha256:60df43e868a615c7e15117a1e1c2e5e11f48f6457280eba6ddf8fbefbec7da99",
                "sha256:64115ccabbdbe279c24c367b629c6b1d3da9ed36c7420129e27c338a3971bfee",
                "sha256:6465de861aff7a2559f226b37982007417eab8c3557543879987f58b453519bd",
                "sha256:648d2f2685590b0103c67a937c2fb9e09bcc8dfb166f0c7c77bd341902a6f5b3",
                "sha256:64b433e26993127732ac7b66a7821b2537c3044355798de7c5fcb0af34b8296f",
                "sha256:677e67f50e2559efc677a4366707070933ad5418b8347a603a49a070890b19bc",
                "sha256:6ab0f1dbfe5070db98771a56aa14797595acd45a1af9eadfb193851a270e7996",
                "sha256:6d70b1579da7fb71be5a841a1f965d19aca0ef27f629cfc07d06b09aafd0a333",
                "sha256:6ec84668dd7b937874a2b2c293cd14ba84f37be0d196dead852e0ada9815d807",
                "sha256:6f71d92f533770fb027388b35b6e11988ab89242b883f48a6fe7202d238c61f8",
                "sha256:76b76a07d4ee611405045c6950a1e24c4362b6b44808d4ad6eea75e0dbc59af4",
                "sha256:79a9b8b05f2876c7195a2b698c47528e86a73c61ea203394ff8e7a4434bda5c8",
                "sha256:7c1f4bf6ea8eb9d7f30808c2e9894237a96650adfecbf5f3643862dc5982f89e",
                "sha256:7dfefdcb0dc6a3ba9936063cec65a74595571b375beabe18742b3d91d087eefd",
                "sha256:7e913098de169c7fc890638ce5e171387363eb812579e637c44261460ac00aa2",
                "sha256:7eb8be687c50da0b397d5e0ab7ca200b5ebb639e79a9f5e285851d1944c94be9",
                "sha256:7eea9318293bc0ea6447e9ebfba600a62f3428bea7e9c6d42170ae4f481dbab3",
                "sha256:852e202875dd6dfd6139ce7ec4e98dac2b17d8d25934dc99900831e81c3adaef",
                "sha256:856bbe1616425f71c0df5ef2e8755e878d9504d5a531acba58ab4273c52c117a",
                "sha256:87580c7f7d14f7ec401eda7adac1e2a25e95153e9c339872c8ae61b3208819a1",
                "sha256:87abb7f80c0a042f3fe8e5264da1a2756267450bb602110d5327b8eaff7682e7",
                "sha256:90e3a281ffe3897991091b7c46fca38c2675bfd4399ffe79dfeded6c52715436",
                "sha256:917905de565d9576eb20f53c797c15ba88b9f4f19728acabec8d01eee1d3756a",
                "sha256:9521f49ae121a17c0a41e5112249e6fa7f6a571245b1118de81fb86e7c1bc1ce",
                "sha256:962892646599529917ef26266091e4cb3077c88b93c3833a909d68dcc971c4e3",
                "sha256:9ae5b0657380d2581e13e46864d147a52c1e2bbac9f59b59c576e42fa7d10cf0",
                "sha256:9bbcfc7c279e8d74b076e514e669b683f77b4a2a328585b3f16d4c5259c91222",
                "sha256:a035da89c959d98afc813e3c62f052690d67cfd55a36592f25d734b70de7d4b0",
                "sha256:a09c4f81635408e3387348f415521d4b94198c562c23330f560596a6aaa26eaf",
                "sha256:a23397da092ef0a8cfe729571da64c2fc30ac18243caa82ac7c4f965087506ff",
                "sha256:a484061616fb4b158b80789bd3cb511f399d2116525a8b29b6334c68abc2310f",
                "sha256:a5cc9381fd54f3c23ae1039f977bfd6d041a5c3c1518104f616643c3a5a73b15",
                "sha256:a620d8ce4ea2f1c73c6b6b1399e14cb68c6915e2be3fad5808c2998ed55b4acf",
                "sha256:a6cc6545d6d76542aee3d18c1c9485fb7b9812b8df4ebe52c4535ec42081b48f",
                "sha256:a8873089be2aa15494c0f81af1209f6e1237d762c5065bc4766c1b84321e1b50",
                "sha256:a8f286a51a32323715d77755ed959f94bef13972e9a2fe71b609e40e6d27957e",
                "sha256:aeb60962ec4813c539a59fbd4f383509c7222b62c3fb1faa76b54943a613e33a",
                "sha256:b069ca9bf728e0c5c5b60e00a89df9af34cc170c695c3bfa3b372d8f40288efb",
                "sha256:b0ef2d0a6f1502d38d911d25609b44c6cc27bee0a4363dd295df78b075041b60",
                "sha256:b306c4cf66912511422060f7f5e1149c8bdb404f8e00e600561b0749fdd45659",
                "sha256:b35bfcb08b7693ab4bf9059111a6e9f14e07d57ac93cd967c420db58ab9b71e1",
                "sha256:b44105792fbdcfbda3e26ee88786790fda409da4c71f6c2b73888108cf8f062f",
                "sha256:b76ffec27c7450b8a334f967366a9ebadaea66ee43f5b530c12861b1a991f503",
                "sha256:ba0734aa300757c924f3faf8148e1b8c247176a0ac8e16aefdf9c1eb19e868f7",
                "sha256:bb198c6ed1edbcdaf3d1fa3c9c9d1cdb7e179a5134ef5ee660b53cdec43b34e7",
                "sha256:bb6b86cfdfc503e92cb71c68766a24565359136961642504a7cc9faf936d9c88",
                "sha256:be94e5a685e60f9d24532af8fe5c268002e9016fa80272a94727f435de3d1003",
                "sha256:bed637b674db5e6c8a97a4a321e3e4d73e72d50b5c6b29950008a93069cc64cd",
                "sha256:c5b399ae6ab975257ec359f03b48fc00b1c1cd109471e41903548469b8feae5c",
                "sha256:c71d1cabdeee0cdda4669168618f0e46b7dace207b29da7b63aaa1adc2b54081",
                "sha256:c7d16beeaaab15b075990cd26963d6b5b22e8c5becd131781514a00b8bdd04bd",
                "sha256:c8919fdbd3bb596b104388b56ae4b266eb28da1f2f7dff2e1f9334a21840fe96",
                "sha256:c9b87baa7bfff9a5878fcc1bffe49ecde6e647a72a64b39a69cd8a2992a43a34",
                "sha256:cd56b8ae87ebc71bcacbd73615098e8a8de952ecbb5785b6b4e2b07da8a06e1f",
                "sha256:cd926e8ae4d1ed1ac4a8f37212a62886292f692bc1739fde98013bf210c2d175",
                "sha256:cf0620da2b81946d28c0b16f3e3704d38e9837d85ee4f0652816e2609aaa4fed",
                "sha256:d14c790b91f6cbcd9b718f88ed737c78939980c69ac8c7f03dd7e60040c12951",
                "sha256:d4bba8042ea6ab331ade91bc435d81ad72fddb098e49108610b0ce7780c14e68",
                "sha256:d527172919cdea1e13994a66d9708a80c3d33dedcf2f0548e4925e600fef3a3a",
                "sha256:d656ad38c942e38a470ddbce26b5020e08e1a7ea86b8fd413bb9024b5189993a",
                "sha256:d6fe315355cdfe3ed22ef355b8bdc81a805ca4d0949d921576560e5b227a1112",
                "sha256:d91406f413ccbf4af6ab5ae7bc78f772a95609f9ddd14123db36ef8c37116d95",
                "sha256:dac2399ee2889fbdd3472bfc2ede74c34cceb1ccf29a339964281a16eb1d3188",
                "sha256:dbaf2bb71d6027152d603f1d5f31e0dfd5e50173d06f877bec484e5396d4594b",
                "sha256:e064caa55a6ed493aca1eda06f8b3f689778bc780a75e6ad7724642ba5dc62f7",
                "sha256:e40b3cb9fa1edb4e0175d7c06345c49c7925fe93e39ef55ecb0bc40c906b0c09",
                "sha256:e49066d251dbbe4e6e3a5c3937d85b589e40e2669ad0eef41a00f82ec17d844b",
                "sha256:e6ec283d4741befb86e8c3ea2e9ac1d17416c956d392107e45263e736954b1f7",
                "sha256:e788608ed7767b7b3bbde6d49058bccdf94df0de9ca75d13aa99020cc7e68095",
                "sha256:e8a9475d415ef1eaae7942df6f780fa4dcd48fce32825eda591a17abba869299",
                "sha256:e8da5355d7d75a52df5b84750989e34e39919ec7e59fafc4c104cc1607ab2d31",
                "sha256:ea1923d2e7880f9e1959e035da661767b5a2e16a45dfd57d6aa831e8b65ee1bf",
                "sha256:ea816dc8f8e65841a8bbdd30e921edffeeb6f76efe6a1eb0da147b60d539d1cf",
                "sha256:eb7a9d8a2e400a1026de341ad48e21670a6261a75b06df162c5c39b0d0e7c8f4",
                "sha256:eceb551dfeaf19c609003a69a0cf8264b0efd7abc3791a11dfabf4788daf0d19",
                "sha256:ed0f7982f10581bb16553719e5e8f933e003f5b22f7d25a68bdb30fac630a6ff",
                "sha256:f00079f8e69d75c2a417de7961a77612bb77ef46c09bc74607d86de4740771ef",
                "sha256:f0b84fc50b6dbeced4fa390688c07c10a73222810fb0e08392bd1a1b8259de36",
                "sha256:f135e804986b12bf14f2cd1eb86674c47dea86c4c5f0fa13c88978876b97ebe6",
                "sha256:f2de9a31c34e543ae089fd2a5ced01292f725190e379921384f695e2d7184bd3",
                "sha256:f2f8692f95c9e377eb19ca519d30d1f884b02feb7e115f798de47570a359e43f",
                "sha256:f4dcadb7b8034aa3491ee8f5a69b3d9ba9d7d1e55c3cc1fc45be313e708277f8",
                "sha256:f4f44381b0a4bdf64416082f4f0e7140377ae962c0ced6f983c6d7bbfc034040",
                "sha256:f708e91fdbe443f3bec2df394ed42328fb9b0446dff5cb4199023ac6499e09fd",
                "sha256:f9346e98fc2abcef90b942973087e2462af6d3e3710e82938078d3493f7fef52",
                "sha256:fc6d3e80dd8239850f2604833ff3168b28909c8a9357abfed95632cccd17e3e7",
                "sha256:fe71fd4b76380c2772f96f1e53a524da7063645d647a4fcd3b651bdd80ca0f2e"
            ],
            "version": "==2.9.2"
        },
        "importlib-metadata": {
            "hashes": [
                "sha256:30962b96c0c223483ed6cc7280e7f0199feb01a0e40cfae4d4450fc6fab1f570",
                "sha256:b78938b926ee8d5f020fc4772d487045805a55ddbad2ecf21c6d60938dc7fcd2"
            ],
            "markers": "python_version >= '3.8'",
            "version": "==7.1.0"
        },
        "kiss3": {
            "hashes": [
                "sha256:076006a0d7a36157533196d1e41787b217cbd5a4e348b20322c2ab6dae238425",
                "sha256:374cbd86ac817c811dbddab12053e13563f34bcfa43eca7aed49a94d91083bba"
            ],
            "index": "pypi",
            "version": "==8.0.0"
        },
        "pyserial": {
            "hashes": [
                "sha256:3c77e014170dfffbd816e6ffc205e9842efb10be9f58ec16d3e8675b4925cddb",
                "sha256:c4451db6ba391ca6ca299fb3ec7bae67a5c55dde170964c7a14ceefec02f2cf0"
            ],
            "version": "==3.5"
        },
        "pyserial-asyncio": {
            "hashes": [
                "sha256:b6032923e05e9d75ec17a5af9a98429c46d2839adfaf80604d52e0faacd7a32f",
                "sha256:de9337922619421b62b9b1a84048634b3ac520e1d690a674ed246a2af7ce1fc5"
            ],
            "version": "==0.6"
        },
        "structlog": {
            "hashes": [
                "sha256:597f61e80a91cc0749a9fd2a098ed76715a1c8a01f73e336b746504d1aad7610",
                "sha256:b27bfecede327a6d2da5fbc96bd859f114ecc398a6389d664f62085ee7ae6fc4"
            ],
            "index": "pypi",
            "markers": "python_version >= '3.8'",
            "version": "==24.4.0"
        },
        "zipp": {
            "hashes": [
                "sha256:2828e64edb5386ea6a52e7ba7cdb17bb30a73a858f5eb6eb93d8d36f5ea26091",
                "sha256:35427f6d5594f4acf82d25541438348c26736fa9b3afa2754bcd63cdb99d8e8f"
            ],
            "index": "pypi",
            "markers": "python_version >= '3.8'",
            "version": "==3.19.1"
        }
    },
    "develop": {
        "attrs": {
            "hashes": [
                "sha256:935dc3b529c262f6cf76e50877d35a4bd3c1de194fd41f47a2b7ae8f19971f30",
                "sha256:99b87a485a5820b23b879f04c2305b44b951b502fd64be915879d77a7e8fc6f1"
            ],
            "markers": "python_version >= '3.7'",
            "version": "==23.2.0"
        },
        "black": {
            "hashes": [
                "sha256:257d724c2c9b1660f353b36c802ccece186a30accc7742c176d29c146df6e474",
                "sha256:37aae07b029fa0174d39daf02748b379399b909652a806e5708199bd93899da1",
                "sha256:415e686e87dbbe6f4cd5ef0fbf764af7b89f9057b97c908742b6008cc554b9c0",
                "sha256:48a85f2cb5e6799a9ef05347b476cce6c182d6c71ee36925a6c194d074336ef8",
                "sha256:7768a0dbf16a39aa5e9a3ded568bb545c8c2727396d063bbaf847df05b08cd96",
                "sha256:7e122b1c4fb252fd85df3ca93578732b4749d9be076593076ef4d07a0233c3e1",
                "sha256:88c57dc656038f1ab9f92b3eb5335ee9b021412feaa46330d5eba4e51fe49b04",
                "sha256:8e537d281831ad0e71007dcdcbe50a71470b978c453fa41ce77186bbe0ed6021",
                "sha256:98e123f1d5cfd42f886624d84464f7756f60ff6eab89ae845210631714f6db94",
                "sha256:accf49e151c8ed2c0cdc528691838afd217c50412534e876a19270fea1e28e2d",
                "sha256:b1530ae42e9d6d5b670a34db49a94115a64596bc77710b1d05e9801e62ca0a7c",
                "sha256:b9176b9832e84308818a99a561e90aa479e73c523b3f77afd07913380ae2eab7",
                "sha256:bdde6f877a18f24844e381d45e9947a49e97933573ac9d4345399be37621e26c",
                "sha256:be8bef99eb46d5021bf053114442914baeb3649a89dc5f3a555c88737e5e98fc",
                "sha256:bf10f7310db693bb62692609b397e8d67257c55f949abde4c67f9cc574492cc7",
                "sha256:c872b53057f000085da66a19c55d68f6f8ddcac2642392ad3a355878406fbd4d",
                "sha256:d36ed1124bb81b32f8614555b34cc4259c3fbc7eec17870e8ff8ded335b58d8c",
                "sha256:da33a1a5e49c4122ccdfd56cd021ff1ebc4a1ec4e2d01594fef9b6f267a9e741",
                "sha256:dd1b5a14e417189db4c7b64a6540f31730713d173f0b63e55fabd52d61d8fdce",
                "sha256:e151054aa00bad1f4e1f04919542885f89f5f7d086b8a59e5000e6c616896ffb",
                "sha256:eaea3008c281f1038edb473c1aa8ed8143a5535ff18f978a318f10302b254063",
                "sha256:ef703f83fc32e131e9bcc0a5094cfe85599e7109f896fe8bc96cc402f3eb4b6e"
            ],
            "index": "pypi",
            "markers": "python_version >= '3.8'",
            "version": "==24.4.2"
        },
        "click": {
            "hashes": [
                "sha256:ae74fb96c20a0277a1d615f1e4d73c8414f5a98db8b799a7931d1582f3390c28",
                "sha256:ca9853ad459e787e2192211578cc907e7594e294c7ccc834310722b41b9ca6de"
            ],
            "markers": "python_version >= '3.7'",
            "version": "==8.1.7"
        },
        "coverage": {
            "extras": [
                "toml"
            ],
            "hashes": [
                "sha256:018a12985185038a5b2bcafab04ab833a9a0f2c59995b3cec07e10074c78635f",
                "sha256:02ff6e898197cc1e9fa375581382b72498eb2e6d5fc0b53f03e496cfee3fac6d",
                "sha256:042183de01f8b6d531e10c197f7f0315a61e8d805ab29c5f7b51a01d62782747",
                "sha256:1014fbf665fef86cdfd6cb5b7371496ce35e4d2a00cda501cf9f5b9e6fced69f",
                "sha256:1137f46adb28e3813dec8c01fefadcb8c614f33576f672962e323b5128d9a68d",
                "sha256:16852febd96acd953b0d55fc842ce2dac1710f26729b31c80b940b9afcd9896f",
                "sha256:2174e7c23e0a454ffe12267a10732c273243b4f2d50d07544a91198f05c48f47",
                "sha256:2214ee920787d85db1b6a0bd9da5f8503ccc8fcd5814d90796c2f2493a2f4d2e",
                "sha256:3257fdd8e574805f27bb5342b77bc65578e98cbc004a92232106344053f319ba",
                "sha256:3684bc2ff328f935981847082ba4fdc950d58906a40eafa93510d1b54c08a66c",
                "sha256:3a6612c99081d8d6134005b1354191e103ec9705d7ba2754e848211ac8cacc6b",
                "sha256:3d7564cc09dd91b5a6001754a5b3c6ecc4aba6323baf33a12bd751036c998be4",
                "sha256:44da56a2589b684813f86d07597fdf8a9c6ce77f58976727329272f5a01f99f7",
                "sha256:5013ed890dc917cef2c9f765c4c6a8ae9df983cd60dbb635df8ed9f4ebc9f555",
                "sha256:54317c2b806354cbb2dc7ac27e2b93f97096912cc16b18289c5d4e44fc663233",
                "sha256:56b4eafa21c6c175b3ede004ca12c653a88b6f922494b023aeb1e836df953ace",
                "sha256:581ea96f92bf71a5ec0974001f900db495488434a6928a2ca7f01eee20c23805",
                "sha256:5cd64adedf3be66f8ccee418473c2916492d53cbafbfcff851cbec5a8454b136",
                "sha256:5df54843b88901fdc2f598ac06737f03d71168fd1175728054c8f5a2739ac3e4",
                "sha256:65e528e2e921ba8fd67d9055e6b9f9e34b21ebd6768ae1c1723f4ea6ace1234d",
                "sha256:6aae5cce399a0f065da65c7bb1e8abd5c7a3043da9dceb429ebe1b289bc07806",
                "sha256:6cfb5a4f556bb51aba274588200a46e4dd6b505fb1a5f8c5ae408222eb416f99",
                "sha256:7076b4b3a5f6d2b5d7f1185fde25b1e54eb66e647a1dfef0e2c2bfaf9b4c88c8",
                "sha256:73ca8fbc5bc622e54627314c1a6f1dfdd8db69788f3443e752c215f29fa87a0b",
                "sha256:79b356f3dd5b26f3ad23b35c75dbdaf1f9e2450b6bcefc6d0825ea0aa3f86ca5",
                "sha256:7a892be37ca35eb5019ec85402c3371b0f7cda5ab5056023a7f13da0961e60da",
                "sha256:8192794d120167e2a64721d88dbd688584675e86e15d0569599257566dec9bf0",
                "sha256:820bc841faa502e727a48311948e0461132a9c8baa42f6b2b84a29ced24cc078",
                "sha256:8f894208794b164e6bd4bba61fc98bf6b06be4d390cf2daacfa6eca0a6d2bb4f",
                "sha256:a04e990a2a41740b02d6182b498ee9796cf60eefe40cf859b016650147908029",
                "sha256:a44963520b069e12789d0faea4e9fdb1e410cdc4aab89d94f7f55cbb7fef0353",
                "sha256:a6bb74ed465d5fb204b2ec41d79bcd28afccf817de721e8a807d5141c3426638",
                "sha256:ab73b35e8d109bffbda9a3e91c64e29fe26e03e49addf5b43d85fc426dde11f9",
                "sha256:aea072a941b033813f5e4814541fc265a5c12ed9720daef11ca516aeacd3bd7f",
                "sha256:b1ccf5e728ccf83acd313c89f07c22d70d6c375a9c6f339233dcf792094bcbf7",
                "sha256:b385d49609f8e9efc885790a5a0e89f2e3ae042cdf12958b6034cc442de428d3",
                "sha256:b3d45ff86efb129c599a3b287ae2e44c1e281ae0f9a9bad0edc202179bcc3a2e",
                "sha256:b4a474f799456e0eb46d78ab07303286a84a3140e9700b9e154cfebc8f527016",
                "sha256:b95c3a8cb0463ba9f77383d0fa8c9194cf91f64445a63fc26fb2327e1e1eb088",
                "sha256:c5986ee7ea0795a4095ac4d113cbb3448601efca7f158ec7f7087a6c705304e4",
                "sha256:cdd31315fc20868c194130de9ee6bfd99755cc9565edff98ecc12585b90be882",
                "sha256:cef4649ec906ea7ea5e9e796e68b987f83fa9a718514fe147f538cfeda76d7a7",
                "sha256:d05c16cf4b4c2fc880cb12ba4c9b526e9e5d5bb1d81313d4d732a5b9fe2b9d53",
                "sha256:d2e344d6adc8ef81c5a233d3a57b3c7d5181f40e79e05e1c143da143ccb6377d",
                "sha256:d45d3cbd94159c468b9b8c5a556e3f6b81a8d1af2a92b77320e887c3e7a5d080",
                "sha256:db14f552ac38f10758ad14dd7b983dbab424e731588d300c7db25b6f89e335b5",
                "sha256:dbc5958cb471e5a5af41b0ddaea96a37e74ed289535e8deca404811f6cb0bc3d",
                "sha256:ddbd2f9713a79e8e7242d7c51f1929611e991d855f414ca9996c20e44a895f7c",
                "sha256:e16f3d6b491c48c5ae726308e6ab1e18ee830b4cdd6913f2d7f77354b33f91c8",
                "sha256:e2afe743289273209c992075a5a4913e8d007d569a406ffed0bd080ea02b0633",
                "sha256:e564c2cf45d2f44a9da56f4e3a26b2236504a496eb4cb0ca7221cd4cc7a9aca9",
                "sha256:ed550e7442f278af76d9d65af48069f1fb84c9f745ae249c1a183c1e9d1b025c"
            ],
            "index": "pypi",
            "markers": "python_version >= '3.8'",
            "version": "==7.5.4"
        },
        "hypothesis": {
            "hashes": [
                "sha256:6f2a1489bc8fe1c87ffd202707319b66ec46b2bc11faf6e0161e957b8b9b1eab",
                "sha256:8b52b7e2462e552c75b819495d5cb6251a2b840accc79cf2ce52588004c915d9"
            ],
            "index": "pypi",
            "markers": "python_version >= '3.8'",
            "version": "==6.104.2"
        },
        "iniconfig": {
            "hashes": [
                "sha256:2d91e135bf72d31a410b17c16da610a82cb55f6b0477d1a902134b24a455b8b3",
                "sha256:b6a85871a79d2e3b22d2d1b94ac2824226a63c6b741c88f7ae975f18b6778374"
            ],
            "markers": "python_version >= '3.7'",
            "version": "==2.0.0"
        },
        "mypy": {
            "hashes": [
                "sha256:0cd62192a4a32b77ceb31272d9e74d23cd88c8060c34d1d3622db3267679a5d9",
                "sha256:1b3a2ffce52cc4dbaeee4df762f20a2905aa171ef157b82192f2e2f368eec05d",
                "sha256:1f8f492d7db9e3593ef42d4f115f04e556130f2819ad33ab84551403e97dd4c0",
                "sha256:2189ff1e39db399f08205e22a797383613ce1cb0cb3b13d8bcf0170e45b96cc3",
                "sha256:378c03f53f10bbdd55ca94e46ec3ba255279706a6aacaecac52ad248f98205d3",
                "sha256:37fd87cab83f09842653f08de066ee68f1182b9b5282e4634cdb4b407266bade",
                "sha256:3c4c2992f6ea46ff7fce0072642cfb62af7a2484efe69017ed8b095f7b39ef31",
                "sha256:51a46974340baaa4145363b9e051812a2446cf583dfaeba124af966fa44593f7",
                "sha256:5bb9cd11c01c8606a9d0b83ffa91d0b236a0e91bc4126d9ba9ce62906ada868e",
                "sha256:5cc3ca0a244eb9a5249c7c583ad9a7e881aa5d7b73c35652296ddcdb33b2b9c7",
                "sha256:604282c886497645ffb87b8f35a57ec773a4a2721161e709a4422c1636ddde5c",
                "sha256:6166a88b15f1759f94a46fa474c7b1b05d134b1b61fca627dd7335454cc9aa6b",
                "sha256:6bacf8f3a3d7d849f40ca6caea5c055122efe70e81480c8328ad29c55c69e93e",
                "sha256:6be84c06e6abd72f960ba9a71561c14137a583093ffcf9bbfaf5e613d63fa531",
                "sha256:701b5f71413f1e9855566a34d6e9d12624e9e0a8818a5704d74d6b0402e66c04",
                "sha256:71d8ac0b906354ebda8ef1673e5fde785936ac1f29ff6987c7483cfbd5a4235a",
                "sha256:8addf6313777dbb92e9564c5d32ec122bf2c6c39d683ea64de6a1fd98b90fe37",
                "sha256:901c89c2d67bba57aaaca91ccdb659aa3a312de67f23b9dfb059727cce2e2e0a",
                "sha256:97a131ee36ac37ce9581f4220311247ab6cba896b4395b9c87af0675a13a755f",
                "sha256:a1bbb3a6f5ff319d2b9d40b4080d46cd639abe3516d5a62c070cf0114a457d84",
                "sha256:a2cbc68cb9e943ac0814c13e2452d2046c2f2b23ff0278e26599224cf164e78d",
                "sha256:b8edd4e9bbbc9d7b79502eb9592cab808585516ae1bcc1446eb9122656c6066f",
                "sha256:bd6f629b67bb43dc0d9211ee98b96d8dabc97b1ad38b9b25f5e4c4d7569a0c6a",
                "sha256:c2ae450d60d7d020d67ab440c6e3fae375809988119817214440033f26ddf7bf",
                "sha256:d8681909f7b44d0b7b86e653ca152d6dff0eb5eb41694e163c6092124f8246d7",
                "sha256:e36f229acfe250dc660790840916eb49726c928e8ce10fbdf90715090fe4ae02",
                "sha256:fe85ed6836165d52ae8b88f99527d3d1b2362e0cb90b005409b8bed90e9059b3"
            ],
            "index": "pypi",
            "markers": "python_version >= '3.8'",
            "version": "==1.10.1"
        },
        "mypy-extensions": {
            "hashes": [
                "sha256:4392f6c0eb8a5668a69e23d168ffa70f0be9ccfd32b5cc2d26a34ae5b844552d",
                "sha256:75dbf8955dc00442a438fc4d0666508a9a97b6bd41aa2f0ffe9d2f2725af0782"
            ],
            "markers": "python_version >= '3.5'",
            "version": "==1.0.0"
        },
        "packaging": {
            "hashes": [
                "sha256:026ed72c8ed3fcce5bf8950572258698927fd1dbda10a5e981cdf0ac37f4f002",
                "sha256:5b8f2217dbdbd2f7f384c41c628544e6d52f2d0f53c6d0c3ea61aa5d1d7ff124"
            ],
            "markers": "python_version >= '3.8'",
            "version": "==24.1"
        },
        "pathspec": {
            "hashes": [
                "sha256:a0d503e138a4c123b27490a4f7beda6a01c6f288df0e4a8b79c7eb0dc7b4cc08",
                "sha256:a482d51503a1ab33b1c67a6c3813a26953dbdc71c31dacaef9a838c4e29f5712"
            ],
            "markers": "python_version >= '3.8'",
            "version": "==0.12.1"
        },
        "platformdirs": {
            "hashes": [
                "sha256:031cd18d4ec63ec53e82dceaac0417d218a6863f7745dfcc9efe7793b7039bdf",
                "sha256:17d5a1161b3fd67b390023cb2d3b026bbd40abde6fdb052dfbd3a29c3ba22ee1"
            ],
            "markers": "python_version >= '3.8'",
            "version": "==4.2.1"
        },
        "pluggy": {
            "hashes": [
                "sha256:2cffa88e94fdc978c4c574f15f9e59b7f4201d439195c3715ca9e2486f1d0cf1",
                "sha256:44e1ad92c8ca002de6377e165f3e0f1be63266ab4d554740532335b9d75ea669"
            ],
            "markers": "python_version >= '3.8'",
            "version": "==1.5.0"
        },
        "pytest": {
            "hashes": [
                "sha256:4ba08f9ae7dcf84ded419494d229b48d0903ea6407b030eaec46df5e6a73bba5",
                "sha256:c132345d12ce551242c87269de812483f5bcc87cdbb4722e48487ba194f9fdce"
            ],
            "index": "pypi",
            "markers": "python_version >= '3.8'",
            "version": "==8.3.2"
        },
        "pytest-cov": {
            "hashes": [
                "sha256:4f0764a1219df53214206bf1feea4633c3b558a2925c8b59f144f682861ce652",
                "sha256:5837b58e9f6ebd335b0f8060eecce69b662415b16dc503883a02f45dfeb14857"
            ],
            "index": "pypi",
            "markers": "python_version >= '3.8'",
            "version": "==5.0.0"
        },
        "ruff": {
            "hashes": [
                "sha256:00817603822a3e42b80f7c3298c8269e09f889ee94640cd1fc7f9329788d7bf8",
                "sha256:187a60f555e9f865a2ff2c6984b9afeffa7158ba6e1eab56cb830404c942b0f3",
                "sha256:3191317d967af701f1b73a31ed5788795936e423b7acce82a2b63e26eb3e89d6",
                "sha256:3687d002f911e8a5faf977e619a034d159a8373514a587249cc00f211c67a091",
                "sha256:4ad25dd9c5faac95c8e9efb13e15803cd8bbf7f4600645a60ffe17c73f60779b",
                "sha256:50f36d77f52d4c9c2f1361ccbfbd09099a1b2ea5d2b2222c586ab08885cf3445",
                "sha256:605d589ec35d1da9213a9d4d7e7a9c761d90bba78fc8790d1c5e65026c1b9eaf",
                "sha256:696f18463b47a94575db635ebb4c178188645636f05e934fdf361b74edf1bb2d",
                "sha256:a09b43e02f76ac0145f86a08e045e2ea452066f7ba064fd6b0cdccb486f7c3e7",
                "sha256:ac9dc814e510436e30d0ba535f435a7f3dc97f895f844f5b3f347ec8c228a523",
                "sha256:af9bdf6c389b5add40d89b201425b531e0a5cceb3cfdcc69f04d3d531c6be74f",
                "sha256:cab904683bf9e2ecbbe9ff235bfe056f0eba754d0168ad5407832928d579e7ab",
                "sha256:cc5516bdb4858d972fbc31d246bdb390eab8df1a26e2353be2dbc0c2d7f5421a",
                "sha256:cfd7de17cef6ab559e9f5ab859f0d3296393bc78f69030967ca4d87a541b97a0",
                "sha256:d0b856cb19c60cd40198be5d8d4b556228e3dcd545b4f423d1ad812bfdca5884",
                "sha256:d40a8533ed545390ef8315b8e25c4bb85739b90bd0f3fe1280a29ae364cc55d8",
                "sha256:f70737c157d7edf749bcb952d13854e8f745cec695a01bdc6e29c29c288fc36e",
                "sha256:fe26fc46fa8c6e0ae3f47ddccfbb136253c831c3289bba044befe68f467bfb16"
            ],
            "index": "pypi",
            "markers": "python_version >= '3.7'",
            "version": "==0.5.5"
        },
        "sortedcontainers": {
            "hashes": [
                "sha256:25caa5a06cc30b6b83d11423433f65d1f9d76c4c6a0c90e3379eaa43b9bfdb88",
                "sha256:a163dcaede0f1c021485e957a39245190e74249897e2ae4b2aa38595db237ee0"
            ],
            "version": "==2.4.0"
        },
        "typing-extensions": {
            "hashes": [
                "sha256:04e5ca0351e0f3f85c6853954072df659d0d13fac324d0072316b67d7794700d",
                "sha256:1a7ead55c7e559dd4dee8856e3a88b41225abfe1ce8df57b7c13915fe121ffb8"
            ],
            "markers": "python_version >= '3.8'",
            "version": "==4.12.2"
        }
    }
}
